# This file is automatically @generated by Cargo.
# It is not intended for manual editing.
version = 4

[[package]]
name = "borsh"
version = "1.6.0"
source = "registry+https://github.com/rust-lang/crates.io-index"
checksum = "d1da5ab77c1437701eeff7c88d968729e7766172279eab0676857b3d63af7a6f"
dependencies = [
 "cfg_aliases",
]

[[package]]
name = "cfg_aliases"
version = "0.2.1"
source = "registry+https://github.com/rust-lang/crates.io-index"
checksum = "613afe47fcd5fac7ccf1db93babcb082c5994d996f20b8b159f2ad1658eb5724"

[[package]]
name = "persistent-todo-queue"
version = "0.1.0"
dependencies = [
 "borsh",
]
